
Microsoft Visual Studio Solution File, Format Version 12.00
# Visual Studio 15
VisualStudioVersion = 15.0.28307.572
MinimumVisualStudioVersion = 10.0.40219.1
Project("{FAE04EC0-301F-11D3-BF4B-00C04F79EFBC}") = "StudentsGrades", "StudentsGrades\StudentsGrades.csproj", "{1D73D96D-E1DF-4523-84AA-D856879965D8}"
EndProject
Global
	GlobalSection(SolutionConfigurationPlatforms) = preSolution
		Debug|Any CPU = Debug|Any CPU
		Release|Any CPU = Release|Any CPU
	EndGlobalSection
	GlobalSection(ProjectConfigurationPlatforms) = postSolution
		{1D73D96D-E1DF-4523-84AA-D856879965D8}.Debug|Any CPU.ActiveCfg = Debug|Any CPU
		{1D73D96D-E1DF-4523-84AA-D856879965D8}.Debug|Any CPU.Build.0 = Debug|Any CPU
		{1D73D96D-E1DF-4523-84AA-D856879965D8}.Release|Any CPU.ActiveCfg = Release|Any CPU
		{1D73D96D-E1DF-4523-84AA-D856879965D8}.Release|Any CPU.Build.0 = Release|Any CPU
	EndGlobalSection
	GlobalSection(SolutionProperties) = preSolution
		HideSolutionNode = FALSE
	EndGlobalSection
	GlobalSection(ExtensibilityGlobals) = postSolution
		SolutionGuid = {6B4CC2CB-AF32-43E4-A69F-FE1D0CC011BE}
	EndGlobalSection
EndGlobal
